# THIS IS AN AUTOGENERATED FILE. DO NOT EDIT THIS FILE DIRECTLY.
# yarn lockfile v1


"@zxing/library@^0.21.3":
  version "0.21.3"
  resolved "https://registry.yarnpkg.com/@zxing/library/-/library-0.21.3.tgz#0a4cb777701884131832b05922d7e88ef1b87ab4"
  integrity sha512-hZHqFe2JyH/ZxviJZosZjV+2s6EDSY0O24R+FQmlWZBZXP9IqMo7S3nb3+2LBWxodJQkSurdQGnqE7KXqrYgow==
  dependencies:
    ts-custom-error "^3.2.1"
  optionalDependencies:
    "@zxing/text-encoding" "~0.9.0"

"@zxing/text-encoding@~0.9.0":
  version "0.9.0"
  resolved "https://registry.yarnpkg.com/@zxing/text-encoding/-/text-encoding-0.9.0.tgz#fb50ffabc6c7c66a0c96b4c03e3d9be74864b70b"
  integrity sha512-U/4aVJ2mxI0aDNI8Uq0wEhMgY+u4CNtEb0om3+y3+niDAsoTCOB33UF0sxpzqzdqXLqmvc+vZyAt4O8pPdfkwA==

ts-custom-error@^3.2.1:
  version "3.3.1"
  resolved "https://registry.yarnpkg.com/ts-custom-error/-/ts-custom-error-3.3.1.tgz#8bd3c8fc6b8dc8e1cb329267c45200f1e17a65d1"
  integrity sha512-5OX1tzOjxWEgsr/YEUWSuPrQ00deKLh6D7OTWcvNHm12/7QPyRh8SYpyWvA4IZv8H/+GQWQEh/kwo95Q9OVW1A==
